
Microsoft Visual Studio Solution File, Format Version 12.00
# Visual Studio 15
VisualStudioVersion = 15.0.26124.0
MinimumVisualStudioVersion = 15.0.26124.0
Project("{2150E333-8FDC-42A3-9474-1A3956D46DE8}") = "src", "src", "{7B68DA13-0DFA-480B-BB0E-26A596C48607}"
EndProject
Project("{FAE04EC0-301F-11D3-BF4B-00C04F79EFBC}") = "Assecor.API", "src\Assecor.API\Assecor.API.csproj", "{5BE158E3-7334-488A-849E-CD8727B2F397}"
EndProject
Project("{FAE04EC0-301F-11D3-BF4B-00C04F79EFBC}") = "Assecor.Core", "src\Assecor.Core\Assecor.Core.csproj", "{772EC564-9995-4308-B3A2-FFCE8E9961ED}"
EndProject
Project("{FAE04EC0-301F-11D3-BF4B-00C04F79EFBC}") = "Assecor.CSV", "src\Assecor.CSV\Assecor.CSV.csproj", "{34562508-68D9-40E8-9F7E-67B15D8D95E5}"
EndProject
Project("{FAE04EC0-301F-11D3-BF4B-00C04F79EFBC}") = "Assecor.EF", "src\Assecor.EF\Assecor.EF.csproj", "{B8474B9A-C1CB-4311-B059-D560C965DC16}"
EndProject
Project("{2150E333-8FDC-42A3-9474-1A3956D46DE8}") = "tests", "tests", "{20AD238B-A517-45E2-9861-249BB2FAD352}"
EndProject
Project("{FAE04EC0-301F-11D3-BF4B-00C04F79EFBC}") = "Assecor.API.Tests", "tests\Assecor.API.Tests\Assecor.API.Tests.csproj", "{70C0140F-2370-4453-94A6-FFBDDB9DEBB1}"
EndProject
Global
	GlobalSection(SolutionConfigurationPlatforms) = preSolution
		Debug|Any CPU = Debug|Any CPU
		Debug|x64 = Debug|x64
		Debug|x86 = Debug|x86
		Release|Any CPU = Release|Any CPU
		Release|x64 = Release|x64
		Release|x86 = Release|x86
	EndGlobalSection
	GlobalSection(SolutionProperties) = preSolution
		HideSolutionNode = FALSE
	EndGlobalSection
	GlobalSection(ProjectConfigurationPlatforms) = postSolution
		{5BE158E3-7334-488A-849E-CD8727B2F397}.Debug|Any CPU.ActiveCfg = Debug|Any CPU
		{5BE158E3-7334-488A-849E-CD8727B2F397}.Debug|Any CPU.Build.0 = Debug|Any CPU
		{5BE158E3-7334-488A-849E-CD8727B2F397}.Debug|x64.ActiveCfg = Debug|Any CPU
		{5BE158E3-7334-488A-849E-CD8727B2F397}.Debug|x64.Build.0 = Debug|Any CPU
		{5BE158E3-7334-488A-849E-CD8727B2F397}.Debug|x86.ActiveCfg = Debug|Any CPU
		{5BE158E3-7334-488A-849E-CD8727B2F397}.Debug|x86.Build.0 = Debug|Any CPU
		{5BE158E3-7334-488A-849E-CD8727B2F397}.Release|Any CPU.ActiveCfg = Release|Any CPU
		{5BE158E3-7334-488A-849E-CD8727B2F397}.Release|Any CPU.Build.0 = Release|Any CPU
		{5BE158E3-7334-488A-849E-CD8727B2F397}.Release|x64.ActiveCfg = Release|Any CPU
		{5BE158E3-7334-488A-849E-CD8727B2F397}.Release|x64.Build.0 = Release|Any CPU
		{5BE158E3-7334-488A-849E-CD8727B2F397}.Release|x86.ActiveCfg = Release|Any CPU
		{5BE158E3-7334-488A-849E-CD8727B2F397}.Release|x86.Build.0 = Release|Any CPU
		{772EC564-9995-4308-B3A2-FFCE8E9961ED}.Debug|Any CPU.ActiveCfg = Debug|Any CPU
		{772EC564-9995-4308-B3A2-FFCE8E9961ED}.Debug|Any CPU.Build.0 = Debug|Any CPU
		{772EC564-9995-4308-B3A2-FFCE8E9961ED}.Debug|x64.ActiveCfg = Debug|Any CPU
		{772EC564-9995-4308-B3A2-FFCE8E9961ED}.Debug|x64.Build.0 = Debug|Any CPU
		{772EC564-9995-4308-B3A2-FFCE8E9961ED}.Debug|x86.ActiveCfg = Debug|Any CPU
		{772EC564-9995-4308-B3A2-FFCE8E9961ED}.Debug|x86.Build.0 = Debug|Any CPU
		{772EC564-9995-4308-B3A2-FFCE8E9961ED}.Release|Any CPU.ActiveCfg = Release|Any CPU
		{772EC564-9995-4308-B3A2-FFCE8E9961ED}.Release|Any CPU.Build.0 = Release|Any CPU
		{772EC564-9995-4308-B3A2-FFCE8E9961ED}.Release|x64.ActiveCfg = Release|Any CPU
		{772EC564-9995-4308-B3A2-FFCE8E9961ED}.Release|x64.Build.0 = Release|Any CPU
		{772EC564-9995-4308-B3A2-FFCE8E9961ED}.Release|x86.ActiveCfg = Release|Any CPU
		{772EC564-9995-4308-B3A2-FFCE8E9961ED}.Release|x86.Build.0 = Release|Any CPU
		{34562508-68D9-40E8-9F7E-67B15D8D95E5}.Debug|Any CPU.ActiveCfg = Debug|Any CPU
		{34562508-68D9-40E8-9F7E-67B15D8D95E5}.Debug|Any CPU.Build.0 = Debug|Any CPU
		{34562508-68D9-40E8-9F7E-67B15D8D95E5}.Debug|x64.ActiveCfg = Debug|Any CPU
		{34562508-68D9-40E8-9F7E-67B15D8D95E5}.Debug|x64.Build.0 = Debug|Any CPU
		{34562508-68D9-40E8-9F7E-67B15D8D95E5}.Debug|x86.ActiveCfg = Debug|Any CPU
		{34562508-68D9-40E8-9F7E-67B15D8D95E5}.Debug|x86.Build.0 = Debug|Any CPU
		{34562508-68D9-40E8-9F7E-67B15D8D95E5}.Release|Any CPU.ActiveCfg = Release|Any CPU
		{34562508-68D9-40E8-9F7E-67B15D8D95E5}.Release|Any CPU.Build.0 = Release|Any CPU
		{34562508-68D9-40E8-9F7E-67B15D8D95E5}.Release|x64.ActiveCfg = Release|Any CPU
		{34562508-68D9-40E8-9F7E-67B15D8D95E5}.Release|x64.Build.0 = Release|Any CPU
		{34562508-68D9-40E8-9F7E-67B15D8D95E5}.Release|x86.ActiveCfg = Release|Any CPU
		{34562508-68D9-40E8-9F7E-67B15D8D95E5}.Release|x86.Build.0 = Release|Any CPU
		{B8474B9A-C1CB-4311-B059-D560C965DC16}.Debug|Any CPU.ActiveCfg = Debug|Any CPU
		{B8474B9A-C1CB-4311-B059-D560C965DC16}.Debug|Any CPU.Build.0 = Debug|Any CPU
		{B8474B9A-C1CB-4311-B059-D560C965DC16}.Debug|x64.ActiveCfg = Debug|Any CPU
		{B8474B9A-C1CB-4311-B059-D560C965DC16}.Debug|x64.Build.0 = Debug|Any CPU
		{B8474B9A-C1CB-4311-B059-D560C965DC16}.Debug|x86.ActiveCfg = Debug|Any CPU
		{B8474B9A-C1CB-4311-B059-D560C965DC16}.Debug|x86.Build.0 = Debug|Any CPU
		{B8474B9A-C1CB-4311-B059-D560C965DC16}.Release|Any CPU.ActiveCfg = Release|Any CPU
		{B8474B9A-C1CB-4311-B059-D560C965DC16}.Release|Any CPU.Build.0 = Release|Any CPU
		{B8474B9A-C1CB-4311-B059-D560C965DC16}.Release|x64.ActiveCfg = Release|Any CPU
		{B8474B9A-C1CB-4311-B059-D560C965DC16}.Release|x64.Build.0 = Release|Any CPU
		{B8474B9A-C1CB-4311-B059-D560C965DC16}.Release|x86.ActiveCfg = Release|Any CPU
		{B8474B9A-C1CB-4311-B059-D560C965DC16}.Release|x86.Build.0 = Release|Any CPU
		{70C0140F-2370-4453-94A6-FFBDDB9DEBB1}.Debug|Any CPU.ActiveCfg = Debug|Any CPU
		{70C0140F-2370-4453-94A6-FFBDDB9DEBB1}.Debug|Any CPU.Build.0 = Debug|Any CPU
		{70C0140F-2370-4453-94A6-FFBDDB9DEBB1}.Debug|x64.ActiveCfg = Debug|Any CPU
		{70C0140F-2370-4453-94A6-FFBDDB9DEBB1}.Debug|x64.Build.0 = Debug|Any CPU
		{70C0140F-2370-4453-94A6-FFBDDB9DEBB1}.Debug|x86.ActiveCfg = Debug|Any CPU
		{70C0140F-2370-4453-94A6-FFBDDB9DEBB1}.Debug|x86.Build.0 = Debug|Any CPU
		{70C0140F-2370-4453-94A6-FFBDDB9DEBB1}.Release|Any CPU.ActiveCfg = Release|Any CPU
		{70C0140F-2370-4453-94A6-FFBDDB9DEBB1}.Release|Any CPU.Build.0 = Release|Any CPU
		{70C0140F-2370-4453-94A6-FFBDDB9DEBB1}.Release|x64.ActiveCfg = Release|Any CPU
		{70C0140F-2370-4453-94A6-FFBDDB9DEBB1}.Release|x64.Build.0 = Release|Any CPU
		{70C0140F-2370-4453-94A6-FFBDDB9DEBB1}.Release|x86.ActiveCfg = Release|Any CPU
		{70C0140F-2370-4453-94A6-FFBDDB9DEBB1}.Release|x86.Build.0 = Release|Any CPU
	EndGlobalSection
	GlobalSection(NestedProjects) = preSolution
		{5BE158E3-7334-488A-849E-CD8727B2F397} = {7B68DA13-0DFA-480B-BB0E-26A596C48607}
		{772EC564-9995-4308-B3A2-FFCE8E9961ED} = {7B68DA13-0DFA-480B-BB0E-26A596C48607}
		{34562508-68D9-40E8-9F7E-67B15D8D95E5} = {7B68DA13-0DFA-480B-BB0E-26A596C48607}
		{B8474B9A-C1CB-4311-B059-D560C965DC16} = {7B68DA13-0DFA-480B-BB0E-26A596C48607}
		{70C0140F-2370-4453-94A6-FFBDDB9DEBB1} = {20AD238B-A517-45E2-9861-249BB2FAD352}
	EndGlobalSection
EndGlobal
